
Microsoft Visual Studio Solution File, Format Version 12.00
# Visual Studio Version 16
VisualStudioVersion = 16.0.30309.148
MinimumVisualStudioVersion = 10.0.40219.1
Project("{FAE04EC0-301F-11D3-BF4B-00C04F79EFBC}") = "TestDockerOnline", "TestDockerOnline.csproj", "{EAC62DF8-4367-416E-A313-62BD578CA1DA}"
EndProject
Global
	GlobalSection(SolutionConfigurationPlatforms) = preSolution
		Debug|Any CPU = Debug|Any CPU
		Release|Any CPU = Release|Any CPU
	EndGlobalSection
	GlobalSection(ProjectConfigurationPlatforms) = postSolution
		{EAC62DF8-4367-416E-A313-62BD578CA1DA}.Debug|Any CPU.ActiveCfg = Debug|Any CPU
		{EAC62DF8-4367-416E-A313-62BD578CA1DA}.Debug|Any CPU.Build.0 = Debug|Any CPU
		{EAC62DF8-4367-416E-A313-62BD578CA1DA}.Release|Any CPU.ActiveCfg = Release|Any CPU
		{EAC62DF8-4367-416E-A313-62BD578CA1DA}.Release|Any CPU.Build.0 = Release|Any CPU
	EndGlobalSection
	GlobalSection(SolutionProperties) = preSolution
		HideSolutionNode = FALSE
	EndGlobalSection
	GlobalSection(ExtensibilityGlobals) = postSolution
		SolutionGuid = {D0AD1969-94ED-4961-AED4-4253F62BCAEF}
	EndGlobalSection
EndGlobal
